{
  "name": "guess-word-random-npmpackage",
  "version": "1.0.0",
  "lockfileVersion": 3,
  "requires": true,
  "packages": {
    "": {
      "name": "guess-word-random-npmpackage",
      "version": "1.0.0",
      "license": "MIT",
      "dependencies": {
        "random_numbers_generator": "^2.0.0"
      },
      "bin": {
        "guess-word-random": ".bin/global.js"
      }
    },
    "node_modules/random_numbers_generator": {
      "version": "2.0.0",
      "resolved": "https://registry.npmjs.org/random_numbers_generator/-/random_numbers_generator-2.0.0.tgz",
      "integrity": "sha512-Kwo8fry6KzWabP0GGjfE0RyrENdFmy9O4lzOLm0pOMWd7rFBv005WG2hb6/TmbNoye6Rm9O81v+HyeRrWf6Phw==",
      "license": "MIT"
    }
  }
}
